
Microsoft Visual Studio Solution File, Format Version 12.00
# Visual Studio 15
VisualStudioVersion = 15.0.27004.2009
MinimumVisualStudioVersion = 10.0.40219.1
Project("{FAE04EC0-301F-11D3-BF4B-00C04F79EFBC}") = "playSteam_console", "playSteam\playSteam_console.csproj", "{2209ECA0-0679-4658-84D6-ECA12E47914B}"
EndProject
Global
	GlobalSection(SolutionConfigurationPlatforms) = preSolution
		Debug|Any CPU = Debug|Any CPU
		Release|Any CPU = Release|Any CPU
	EndGlobalSection
	GlobalSection(ProjectConfigurationPlatforms) = postSolution
		{2209ECA0-0679-4658-84D6-ECA12E47914B}.Debug|Any CPU.ActiveCfg = Debug|Any CPU
		{2209ECA0-0679-4658-84D6-ECA12E47914B}.Debug|Any CPU.Build.0 = Debug|Any CPU
		{2209ECA0-0679-4658-84D6-ECA12E47914B}.Release|Any CPU.ActiveCfg = Release|Any CPU
		{2209ECA0-0679-4658-84D6-ECA12E47914B}.Release|Any CPU.Build.0 = Release|Any CPU
	EndGlobalSection
	GlobalSection(SolutionProperties) = preSolution
		HideSolutionNode = FALSE
	EndGlobalSection
	GlobalSection(ExtensibilityGlobals) = postSolution
		SolutionGuid = {88CF4C22-153A-48C3-BDAB-96EB4625AA2F}
	EndGlobalSection
EndGlobal
